
Microsoft Visual Studio Solution File, Format Version 12.00
# Visual Studio Version 16
VisualStudioVersion = 16.0.30804.86
MinimumVisualStudioVersion = 10.0.40219.1
Project("{9A19103F-16F7-4668-BE54-9A1E7A4F7556}") = "Console", "Console\Console.csproj", "{740A8AEB-30B7-476D-BE99-E7DC2BF01F0D}"
EndProject
Global
	GlobalSection(SolutionConfigurationPlatforms) = preSolution
		Debug|Any CPU = Debug|Any CPU
		Release|Any CPU = Release|Any CPU
	EndGlobalSection
	GlobalSection(ProjectConfigurationPlatforms) = postSolution
		{740A8AEB-30B7-476D-BE99-E7DC2BF01F0D}.Debug|Any CPU.ActiveCfg = Debug|Any CPU
		{740A8AEB-30B7-476D-BE99-E7DC2BF01F0D}.Debug|Any CPU.Build.0 = Debug|Any CPU
		{740A8AEB-30B7-476D-BE99-E7DC2BF01F0D}.Release|Any CPU.ActiveCfg = Release|Any CPU
		{740A8AEB-30B7-476D-BE99-E7DC2BF01F0D}.Release|Any CPU.Build.0 = Release|Any CPU
	EndGlobalSection
	GlobalSection(SolutionProperties) = preSolution
		HideSolutionNode = FALSE
	EndGlobalSection
	GlobalSection(ExtensibilityGlobals) = postSolution
		SolutionGuid = {201594AA-AFD3-4E96-8938-E3F95F1F8DB4}
	EndGlobalSection
EndGlobal
